
Microsoft Visual Studio Solution File, Format Version 12.00
# Visual Studio Version 16
VisualStudioVersion = 16.0.29519.181
MinimumVisualStudioVersion = 10.0.40219.1
Project("{FAE04EC0-301F-11D3-BF4B-00C04F79EFBC}") = "Api", "Api.csproj", "{CC5BAD4D-D1C1-417F-8AE8-919ABCC7D7FC}"
EndProject
Global
	GlobalSection(SolutionConfigurationPlatforms) = preSolution
		Debug|Any CPU = Debug|Any CPU
		Release|Any CPU = Release|Any CPU
	EndGlobalSection
	GlobalSection(ProjectConfigurationPlatforms) = postSolution
		{CC5BAD4D-D1C1-417F-8AE8-919ABCC7D7FC}.Debug|Any CPU.ActiveCfg = Debug|Any CPU
		{CC5BAD4D-D1C1-417F-8AE8-919ABCC7D7FC}.Debug|Any CPU.Build.0 = Debug|Any CPU
		{CC5BAD4D-D1C1-417F-8AE8-919ABCC7D7FC}.Release|Any CPU.ActiveCfg = Release|Any CPU
		{CC5BAD4D-D1C1-417F-8AE8-919ABCC7D7FC}.Release|Any CPU.Build.0 = Release|Any CPU
	EndGlobalSection
	GlobalSection(SolutionProperties) = preSolution
		HideSolutionNode = FALSE
	EndGlobalSection
	GlobalSection(ExtensibilityGlobals) = postSolution
		SolutionGuid = {C25A40ED-F3BA-4F9B-A0FE-78CB0B12F86F}
	EndGlobalSection
EndGlobal
